dependencies:
  espressif/esp-dsp:
    component_hash: 42dce32d46ac93dc11f60d368e29a830e9661c7345d794b8a45c343479cae636
    dependencies:
    - name: idf
      require: private
      version: '>=4.2'
    source:
      registry_url: https://components.espressif.com/
      type: service
    version: 1.7.0
  idf:
    source:
      type: idf
    version: 6.0.0
direct_dependencies:
- espressif/esp-dsp
- idf
manifest_hash: 7aac7167d6bbb26ada8baa59097ca8d88b73c9e1ebc7355c165c47800dafc5ba
target: esp32s3
version: 2.0.0
